
Microsoft Visual Studio Solution File, Format Version 12.00
# Visual Studio Version 17
VisualStudioVersion = 17.9.34728.123
MinimumVisualStudioVersion = 10.0.40219.1
Project("{FAE04EC0-301F-11D3-BF4B-00C04F79EFBC}") = "DVPTracker.Android", "DVPTracker\DVPTracker.Android\DVPTracker.Android.csproj", "{5C1375C6-D2B0-4023-A45C-B45626B37633}"
EndProject
Project("{9A19103F-16F7-4668-BE54-9A1E7A4F7556}") = "DVPTracker", "DVPTracker\DVPTracker\DVPTracker.csproj", "{89B18083-956C-4067-9EFB-3603805676D9}"
EndProject
Global
	GlobalSection(SolutionConfigurationPlatforms) = preSolution
		Debug|Any CPU = Debug|Any CPU
		Debug|ARM = Debug|ARM
		Debug|iPhone = Debug|iPhone
		Debug|iPhoneSimulator = Debug|iPhoneSimulator
		Debug|x64 = Debug|x64
		Debug|x86 = Debug|x86
		Release|Any CPU = Release|Any CPU
		Release|ARM = Release|ARM
		Release|iPhone = Release|iPhone
		Release|iPhoneSimulator = Release|iPhoneSimulator
		Release|x64 = Release|x64
		Release|x86 = Release|x86
	EndGlobalSection
	GlobalSection(ProjectConfigurationPlatforms) = postSolution
		{5C1375C6-D2B0-4023-A45C-B45626B37633}.Debug|Any CPU.ActiveCfg = Debug|Any CPU
		{5C1375C6-D2B0-4023-A45C-B45626B37633}.Debug|Any CPU.Build.0 = Debug|Any CPU
		{5C1375C6-D2B0-4023-A45C-B45626B37633}.Debug|Any CPU.Deploy.0 = Debug|Any CPU
		{5C1375C6-D2B0-4023-A45C-B45626B37633}.Debug|ARM.ActiveCfg = Debug|Any CPU
		{5C1375C6-D2B0-4023-A45C-B45626B37633}.Debug|ARM.Build.0 = Debug|Any CPU
		{5C1375C6-D2B0-4023-A45C-B45626B37633}.Debug|ARM.Deploy.0 = Debug|Any CPU
		{5C1375C6-D2B0-4023-A45C-B45626B37633}.Debug|iPhone.ActiveCfg = Debug|Any CPU
		{5C1375C6-D2B0-4023-A45C-B45626B37633}.Debug|iPhone.Build.0 = Debug|Any CPU
		{5C1375C6-D2B0-4023-A45C-B45626B37633}.Debug|iPhone.Deploy.0 = Debug|Any CPU
		{5C1375C6-D2B0-4023-A45C-B45626B37633}.Debug|iPhoneSimulator.ActiveCfg = Debug|Any CPU
		{5C1375C6-D2B0-4023-A45C-B45626B37633}.Debug|iPhoneSimulator.Build.0 = Debug|Any CPU
		{5C1375C6-D2B0-4023-A45C-B45626B37633}.Debug|iPhoneSimulator.Deploy.0 = Debug|Any CPU
		{5C1375C6-D2B0-4023-A45C-B45626B37633}.Debug|x64.ActiveCfg = Debug|Any CPU
		{5C1375C6-D2B0-4023-A45C-B45626B37633}.Debug|x64.Build.0 = Debug|Any CPU
		{5C1375C6-D2B0-4023-A45C-B45626B37633}.Debug|x64.Deploy.0 = Debug|Any CPU
		{5C1375C6-D2B0-4023-A45C-B45626B37633}.Debug|x86.ActiveCfg = Debug|Any CPU
		{5C1375C6-D2B0-4023-A45C-B45626B37633}.Debug|x86.Build.0 = Debug|Any CPU
		{5C1375C6-D2B0-4023-A45C-B45626B37633}.Debug|x86.Deploy.0 = Debug|Any CPU
		{5C1375C6-D2B0-4023-A45C-B45626B37633}.Release|Any CPU.ActiveCfg = Release|Any CPU
		{5C1375C6-D2B0-4023-A45C-B45626B37633}.Release|Any CPU.Build.0 = Release|Any CPU
		{5C1375C6-D2B0-4023-A45C-B45626B37633}.Release|Any CPU.Deploy.0 = Release|Any CPU
		{5C1375C6-D2B0-4023-A45C-B45626B37633}.Release|ARM.ActiveCfg = Release|Any CPU
		{5C1375C6-D2B0-4023-A45C-B45626B37633}.Release|ARM.Build.0 = Release|Any CPU
		{5C1375C6-D2B0-4023-A45C-B45626B37633}.Release|ARM.Deploy.0 = Release|Any CPU
		{5C1375C6-D2B0-4023-A45C-B45626B37633}.Release|iPhone.ActiveCfg = Release|Any CPU
		{5C1375C6-D2B0-4023-A45C-B45626B37633}.Release|iPhone.Build.0 = Release|Any CPU
		{5C1375C6-D2B0-4023-A45C-B45626B37633}.Release|iPhone.Deploy.0 = Release|Any CPU
		{5C1375C6-D2B0-4023-A45C-B45626B37633}.Release|iPhoneSimulator.ActiveCfg = Release|Any CPU
		{5C1375C6-D2B0-4023-A45C-B45626B37633}.Release|iPhoneSimulator.Build.0 = Release|Any CPU
		{5C1375C6-D2B0-4023-A45C-B45626B37633}.Release|iPhoneSimulator.Deploy.0 = Release|Any CPU
		{5C1375C6-D2B0-4023-A45C-B45626B37633}.Release|x64.ActiveCfg = Release|Any CPU
		{5C1375C6-D2B0-4023-A45C-B45626B37633}.Release|x64.Build.0 = Release|Any CPU
		{5C1375C6-D2B0-4023-A45C-B45626B37633}.Release|x64.Deploy.0 = Release|Any CPU
		{5C1375C6-D2B0-4023-A45C-B45626B37633}.Release|x86.ActiveCfg = Release|Any CPU
		{5C1375C6-D2B0-4023-A45C-B45626B37633}.Release|x86.Build.0 = Release|Any CPU
		{5C1375C6-D2B0-4023-A45C-B45626B37633}.Release|x86.Deploy.0 = Release|Any CPU
		{89B18083-956C-4067-9EFB-3603805676D9}.Debug|Any CPU.ActiveCfg = Debug|Any CPU
		{89B18083-956C-4067-9EFB-3603805676D9}.Debug|Any CPU.Build.0 = Debug|Any CPU
		{89B18083-956C-4067-9EFB-3603805676D9}.Debug|Any CPU.Deploy.0 = Debug|Any CPU
		{89B18083-956C-4067-9EFB-3603805676D9}.Debug|ARM.ActiveCfg = Debug|Any CPU
		{89B18083-956C-4067-9EFB-3603805676D9}.Debug|ARM.Build.0 = Debug|Any CPU
		{89B18083-956C-4067-9EFB-3603805676D9}.Debug|ARM.Deploy.0 = Debug|Any CPU
		{89B18083-956C-4067-9EFB-3603805676D9}.Debug|iPhone.ActiveCfg = Debug|Any CPU
		{89B18083-956C-4067-9EFB-3603805676D9}.Debug|iPhone.Build.0 = Debug|Any CPU
		{89B18083-956C-4067-9EFB-3603805676D9}.Debug|iPhone.Deploy.0 = Debug|Any CPU
		{89B18083-956C-4067-9EFB-3603805676D9}.Debug|iPhoneSimulator.ActiveCfg = Debug|Any CPU
		{89B18083-956C-4067-9EFB-3603805676D9}.Debug|iPhoneSimulator.Build.0 = Debug|Any CPU
		{89B18083-956C-4067-9EFB-3603805676D9}.Debug|iPhoneSimulator.Deploy.0 = Debug|Any CPU
		{89B18083-956C-4067-9EFB-3603805676D9}.Debug|x64.ActiveCfg = Debug|Any CPU
		{89B18083-956C-4067-9EFB-3603805676D9}.Debug|x64.Build.0 = Debug|Any CPU
		{89B18083-956C-4067-9EFB-3603805676D9}.Debug|x64.Deploy.0 = Debug|Any CPU
		{89B18083-956C-4067-9EFB-3603805676D9}.Debug|x86.ActiveCfg = Debug|Any CPU
		{89B18083-956C-4067-9EFB-3603805676D9}.Debug|x86.Build.0 = Debug|Any CPU
		{89B18083-956C-4067-9EFB-3603805676D9}.Debug|x86.Deploy.0 = Debug|Any CPU
		{89B18083-956C-4067-9EFB-3603805676D9}.Release|Any CPU.ActiveCfg = Release|Any CPU
		{89B18083-956C-4067-9EFB-3603805676D9}.Release|Any CPU.Build.0 = Release|Any CPU
		{89B18083-956C-4067-9EFB-3603805676D9}.Release|Any CPU.Deploy.0 = Release|Any CPU
		{89B18083-956C-4067-9EFB-3603805676D9}.Release|ARM.ActiveCfg = Release|Any CPU
		{89B18083-956C-4067-9EFB-3603805676D9}.Release|ARM.Build.0 = Release|Any CPU
		{89B18083-956C-4067-9EFB-3603805676D9}.Release|ARM.Deploy.0 = Release|Any CPU
		{89B18083-956C-4067-9EFB-3603805676D9}.Release|iPhone.ActiveCfg = Release|Any CPU
		{89B18083-956C-4067-9EFB-3603805676D9}.Release|iPhone.Build.0 = Release|Any CPU
		{89B18083-956C-4067-9EFB-3603805676D9}.Release|iPhone.Deploy.0 = Release|Any CPU
		{89B18083-956C-4067-9EFB-3603805676D9}.Release|iPhoneSimulator.ActiveCfg = Release|Any CPU
		{89B18083-956C-4067-9EFB-3603805676D9}.Release|iPhoneSimulator.Build.0 = Release|Any CPU
		{89B18083-956C-4067-9EFB-3603805676D9}.Release|iPhoneSimulator.Deploy.0 = Release|Any CPU
		{89B18083-956C-4067-9EFB-3603805676D9}.Release|x64.ActiveCfg = Release|Any CPU
		{89B18083-956C-4067-9EFB-3603805676D9}.Release|x64.Build.0 = Release|Any CPU
		{89B18083-956C-4067-9EFB-3603805676D9}.Release|x64.Deploy.0 = Release|Any CPU
		{89B18083-956C-4067-9EFB-3603805676D9}.Release|x86.ActiveCfg = Release|Any CPU
		{89B18083-956C-4067-9EFB-3603805676D9}.Release|x86.Build.0 = Release|Any CPU
		{89B18083-956C-4067-9EFB-3603805676D9}.Release|x86.Deploy.0 = Release|Any CPU
	EndGlobalSection
	GlobalSection(SolutionProperties) = preSolution
		HideSolutionNode = FALSE
	EndGlobalSection
	GlobalSection(ExtensibilityGlobals) = postSolution
		SolutionGuid = {7FE14492-C883-4AD9-8604-59CB939C6073}
	EndGlobalSection
EndGlobal
